// !$*UTF8*$!
{ archiveVersion = 1; classes = {}; objectVersion = 56; objects = {
0A3E27B8CA818264D75C8D81 = { isa = PBXGroup; children = (B5C0F6685D4D0FFCDA6910FD, B56556716864B689A013D693,); name = Products; sourceTree = "<group>"; };
0D6E4079E36703EBD37C0072 = { isa = PBXGroup; children = (5FF25851BE85771616FD56EA, 357AECBD170C5811A0C47276, 39F4BA1D5B6F256076363B6A, 8E800CAA5BB5525599BA361C, 89AA85B9D844EEF0BA586CCA, 55FDEA89857483B8CD1DEEC1, E8BB44BC6FFECE0E75AB2445, 0A3E27B8CA818264D75C8D81,); sourceTree = "<group>"; };
133BFB8801C19186BCAF1EED = { isa = PBXNativeTarget; buildConfigurationList = F6698693BE7687B93801F9A8; buildPhases = (973AA7E73AFE886280036A21, E6273AA49B5C902E92296D2B, AC05408501FD9D07B5A3E639,); buildRules = (); dependencies = (); name = TaskFlowDemo; productName = TaskFlowDemo; productReference = B5C0F6685D4D0FFCDA6910FD; productType = "com.apple.product-type.application"; };
15EC5B8BA50F4019168622EE = { isa = PBXBuildFile; fileRef = 357AECBD170C5811A0C47276; };
244210E48437B6556980A702 = { isa = PBXProject; attributes = { LastUpgradeCheck = 2660; }; buildConfigurationList = B4E10CAA9C5E22150B71559C; compatibilityVersion = "Xcode 14.0"; developmentRegion = en; hasScannedForEncodings = 0; knownRegions = (en, Base); mainGroup = 0D6E4079E36703EBD37C0072; productRefGroup = 0A3E27B8CA818264D75C8D81; projectDirPath = ""; projectRoot = ""; targets = (133BFB8801C19186BCAF1EED, 6B95CD3B26E774A0BF927A8B,); };
357AECBD170C5811A0C47276 = { isa = PBXFileReference; lastKnownFileType = sourcecode.swift; path = "Domain/TaskRepository.swift"; sourceTree = "<group>"; };
386EFF828608A6BA7E9BA50B = { isa = PBXBuildFile; fileRef = 55FDEA89857483B8CD1DEEC1; };
39F4BA1D5B6F256076363B6A = { isa = PBXFileReference; lastKnownFileType = sourcecode.swift; path = "Intents/CompleteTaskIntent.swift"; sourceTree = "<group>"; };
55FDEA89857483B8CD1DEEC1 = { isa = PBXFileReference; lastKnownFileType = sourcecode.swift; path = "Intents/TaskFlowShortcuts.swift"; sourceTree = "<group>"; };
5DF0EAF287A59303D4EFEAF3 = { isa = XCBuildConfiguration; name = Debug; buildSettings = { SDKROOT = "iphoneos"; IPHONEOS_DEPLOYMENT_TARGET = "17.0"; SWIFT_VERSION = "6.0"; CLANG_ENABLE_MODULES = "YES"; SWIFT_STRICT_CONCURRENCY = "complete"; CODE_SIGN_STYLE = "Automatic"; SUPPORTED_PLATFORMS = "iphoneos"; TARGETED_DEVICE_FAMILY = "1"; SWIFT_OPTIMIZATION_LEVEL = "-Onone"; DEBUG_INFORMATION_FORMAT = "dwarf"; SWIFT_ACTIVE_COMPILATION_CONDITIONS = "DEBUG"; ENABLE_TESTABILITY = "YES"; }; };
5FF25851BE85771616FD56EA = { isa = PBXFileReference; lastKnownFileType = sourcecode.swift; path = "App/TaskFlowApp.swift"; sourceTree = "<group>"; };
62979AC3150DEEB4B73CDA01 = { isa = PBXBuildFile; fileRef = 8E800CAA5BB5525599BA361C; };
6B95CD3B26E774A0BF927A8B = { isa = PBXNativeTarget; buildConfigurationList = 71B32B7755400DFAEDDEB88E; buildPhases = (7EE92097233423438B303553, CF3015CEDE00751D115F33D3, 7DF917F33C9A5EC48B588E0E,); buildRules = (); dependencies = (94EA99CD2B908CC16B757910,); name = TaskFlowUITests; productName = TaskFlowUITests; productReference = B56556716864B689A013D693; productType = "com.apple.product-type.bundle.ui-testing"; };
71B32B7755400DFAEDDEB88E = { isa = XCConfigurationList; buildConfigurations = (B23F2373E48778A37AC9E6A7, A3D1FF68BDBDA2EA3F11F96A,); defaultConfigurationIsVisible = 0; defaultConfigurationName = Release; };
7C2735A5386172C746CCF282 = { isa = XCBuildConfiguration; name = Debug; buildSettings = { PRODUCT_NAME = "$(TARGET_NAME)"; PRODUCT_BUNDLE_IDENTIFIER = "org.example.intentcoverage.taskflow"; GENERATE_INFOPLIST_FILE = "YES"; CURRENT_PROJECT_VERSION = "1"; MARKETING_VERSION = "0.1.0"; LD_RUNPATH_SEARCH_PATHS = "$(inherited) @executable_path/Frameworks @loader_path/Frameworks"; INFOPLIST_KEY_CFBundleDisplayName = "TaskFlow"; INFOPLIST_KEY_UILaunchScreen_Generation = "YES"; INFOPLIST_KEY_UIApplicationSceneManifest_Generation = "YES"; INFOPLIST_KEY_UISupportedInterfaceOrientations = "UIInterfaceOrientationPortrait"; }; };
7DF917F33C9A5EC48B588E0E = { isa = PBXResourcesBuildPhase; buildActionMask = 2147483647; files = (); runOnlyForDeploymentPostprocessing = 0; };
7EE92097233423438B303553 = { isa = PBXSourcesBuildPhase; buildActionMask = 2147483647; files = (D238191864EFC70A461F47BD,); runOnlyForDeploymentPostprocessing = 0; };
89AA85B9D844EEF0BA586CCA = { isa = PBXFileReference; lastKnownFileType = sourcecode.swift; path = "Intents/TaskEntity.swift"; sourceTree = "<group>"; };
8E800CAA5BB5525599BA361C = { isa = PBXFileReference; lastKnownFileType = sourcecode.swift; path = "Intents/CreateTaskIntent.swift"; sourceTree = "<group>"; };
92D7413503187E9BFB068532 = { isa = PBXBuildFile; fileRef = 89AA85B9D844EEF0BA586CCA; };
94EA99CD2B908CC16B757910 = { isa = PBXTargetDependency; target = 133BFB8801C19186BCAF1EED; targetProxy = E0DCAC905A224574BAC84104; };
973AA7E73AFE886280036A21 = { isa = PBXSourcesBuildPhase; buildActionMask = 2147483647; files = (D35FEEACE753549E4AEF660A, 15EC5B8BA50F4019168622EE, CEBF921120CFF68577FB7868, 62979AC3150DEEB4B73CDA01, 92D7413503187E9BFB068532, 386EFF828608A6BA7E9BA50B,); runOnlyForDeploymentPostprocessing = 0; };
A3D1FF68BDBDA2EA3F11F96A = { isa = XCBuildConfiguration; name = Release; buildSettings = { PRODUCT_NAME = "$(TARGET_NAME)"; PRODUCT_BUNDLE_IDENTIFIER = "org.example.intentcoverage.taskflow.taskflowuitests"; GENERATE_INFOPLIST_FILE = "YES"; CURRENT_PROJECT_VERSION = "1"; MARKETING_VERSION = "0.1.0"; LD_RUNPATH_SEARCH_PATHS = "$(inherited) @executable_path/Frameworks @loader_path/Frameworks"; TEST_TARGET_NAME = "TaskFlowDemo"; }; };
AC05408501FD9D07B5A3E639 = { isa = PBXResourcesBuildPhase; buildActionMask = 2147483647; files = (); runOnlyForDeploymentPostprocessing = 0; };
B23F2373E48778A37AC9E6A7 = { isa = XCBuildConfiguration; name = Debug; buildSettings = { PRODUCT_NAME = "$(TARGET_NAME)"; PRODUCT_BUNDLE_IDENTIFIER = "org.example.intentcoverage.taskflow.taskflowuitests"; GENERATE_INFOPLIST_FILE = "YES"; CURRENT_PROJECT_VERSION = "1"; MARKETING_VERSION = "0.1.0"; LD_RUNPATH_SEARCH_PATHS = "$(inherited) @executable_path/Frameworks @loader_path/Frameworks"; TEST_TARGET_NAME = "TaskFlowDemo"; }; };
B4E10CAA9C5E22150B71559C = { isa = XCConfigurationList; buildConfigurations = (5DF0EAF287A59303D4EFEAF3, C62D9534737287C44FD6EF43,); defaultConfigurationIsVisible = 0; defaultConfigurationName = Release; };
B56556716864B689A013D693 = { isa = PBXFileReference; explicitFileType = wrapper.cfbundle; path = TaskFlowUITests.xctest; sourceTree = BUILT_PRODUCTS_DIR; };
B5C0F6685D4D0FFCDA6910FD = { isa = PBXFileReference; explicitFileType = wrapper.application; path = TaskFlowDemo.app; sourceTree = BUILT_PRODUCTS_DIR; };
C62D9534737287C44FD6EF43 = { isa = XCBuildConfiguration; name = Release; buildSettings = { SDKROOT = "iphoneos"; IPHONEOS_DEPLOYMENT_TARGET = "17.0"; SWIFT_VERSION = "6.0"; CLANG_ENABLE_MODULES = "YES"; SWIFT_STRICT_CONCURRENCY = "complete"; CODE_SIGN_STYLE = "Automatic"; SUPPORTED_PLATFORMS = "iphoneos"; TARGETED_DEVICE_FAMILY = "1"; SWIFT_OPTIMIZATION_LEVEL = "-O"; DEBUG_INFORMATION_FORMAT = "dwarf-with-dsym"; }; };
CEBF921120CFF68577FB7868 = { isa = PBXBuildFile; fileRef = 39F4BA1D5B6F256076363B6A; };
CF3015CEDE00751D115F33D3 = { isa = PBXFrameworksBuildPhase; buildActionMask = 2147483647; files = (); runOnlyForDeploymentPostprocessing = 0; };
D238191864EFC70A461F47BD = { isa = PBXBuildFile; fileRef = E8BB44BC6FFECE0E75AB2445; };
D35FEEACE753549E4AEF660A = { isa = PBXBuildFile; fileRef = 5FF25851BE85771616FD56EA; };
E0DCAC905A224574BAC84104 = { isa = PBXContainerItemProxy; containerPortal = 244210E48437B6556980A702; proxyType = 1; remoteGlobalIDString = 133BFB8801C19186BCAF1EED; remoteInfo = TaskFlowDemo; };
E6273AA49B5C902E92296D2B = { isa = PBXFrameworksBuildPhase; buildActionMask = 2147483647; files = (); runOnlyForDeploymentPostprocessing = 0; };
E8BB44BC6FFECE0E75AB2445 = { isa = PBXFileReference; lastKnownFileType = sourcecode.swift; path = "TaskFlowUITests/TaskFlowBaselineTests.swift"; sourceTree = "<group>"; };
F6698693BE7687B93801F9A8 = { isa = XCConfigurationList; buildConfigurations = (7C2735A5386172C746CCF282, FABA4F06399121ED5FFA31E8,); defaultConfigurationIsVisible = 0; defaultConfigurationName = Release; };
FABA4F06399121ED5FFA31E8 = { isa = XCBuildConfiguration; name = Release; buildSettings = { PRODUCT_NAME = "$(TARGET_NAME)"; PRODUCT_BUNDLE_IDENTIFIER = "org.example.intentcoverage.taskflow"; GENERATE_INFOPLIST_FILE = "YES"; CURRENT_PROJECT_VERSION = "1"; MARKETING_VERSION = "0.1.0"; LD_RUNPATH_SEARCH_PATHS = "$(inherited) @executable_path/Frameworks @loader_path/Frameworks"; INFOPLIST_KEY_CFBundleDisplayName = "TaskFlow"; INFOPLIST_KEY_UILaunchScreen_Generation = "YES"; INFOPLIST_KEY_UIApplicationSceneManifest_Generation = "YES"; INFOPLIST_KEY_UISupportedInterfaceOrientations = "UIInterfaceOrientationPortrait"; }; };
}; rootObject = 244210E48437B6556980A702; }
